
Microsoft Visual Studio Solution File, Format Version 12.00
# Visual Studio Version 16
VisualStudioVersion = 16.0.30804.86
MinimumVisualStudioVersion = 10.0.40219.1
Project("{FAE04EC0-301F-11D3-BF4B-00C04F79EFBC}") = "Chap01aMyFirstConsoleApp", "Chap01aMyFirstConsoleApp.csproj", "{8B6F3CED-E5B2-4B68-A6E6-6FD1ED9EC10F}"
EndProject
Global
	GlobalSection(SolutionConfigurationPlatforms) = preSolution
		Debug|Any CPU = Debug|Any CPU
		Release|Any CPU = Release|Any CPU
	EndGlobalSection
	GlobalSection(ProjectConfigurationPlatforms) = postSolution
		{8B6F3CED-E5B2-4B68-A6E6-6FD1ED9EC10F}.Debug|Any CPU.ActiveCfg = Debug|Any CPU
		{8B6F3CED-E5B2-4B68-A6E6-6FD1ED9EC10F}.Debug|Any CPU.Build.0 = Debug|Any CPU
		{8B6F3CED-E5B2-4B68-A6E6-6FD1ED9EC10F}.Release|Any CPU.ActiveCfg = Release|Any CPU
		{8B6F3CED-E5B2-4B68-A6E6-6FD1ED9EC10F}.Release|Any CPU.Build.0 = Release|Any CPU
	EndGlobalSection
	GlobalSection(SolutionProperties) = preSolution
		HideSolutionNode = FALSE
	EndGlobalSection
	GlobalSection(ExtensibilityGlobals) = postSolution
		SolutionGuid = {E10DE8DC-E355-4438-BAAE-D0AB49A56DC5}
	EndGlobalSection
EndGlobal
